{
  "nodes": {
    "nixpkgs": {
      "locked": {
        "lastModified": 1649353348,
        "narHash": "sha256-bRVfxuWdvs4a+BL00tz6rbvYHEn4xheNoHob7Gyvsok=",
        "owner": "NixOS",
        "repo": "nixpkgs",
        "rev": "a782a81321bae43fbe8eded39cb75c4781af589f",
        "type": "github"
      },
      "original": {
        "owner": "NixOS",
        "repo": "nixpkgs",
        "type": "github"
      }
    },
    "root": {
      "inputs": {
        "nixpkgs": "nixpkgs"
      }
    }
  },
  "root": "root",
  "version": 7
}
